Microsoft Visual Studio Solution File, Format Version 12.00
# Visual Studio Version 17
VisualStudioVersion = 17.0.31903.59
MinimumVisualStudioVersion = 10.0.40219.1
Project("{9A19103F-16F7-4668-BE54-9A1E7A4F7556}") = "Shared", "Shared\Shared.csproj", "{59EC6799-F16C-4C0A-BC93-C996E03E16CC}"
EndProject
Project("{9A19103F-16F7-4668-BE54-9A1E7A4F7556}") = "Api", "Api\Api.csproj", "{8A264AF4-7C10-4273-8933-7ED27BB8CD84}"
EndProject
Project("{9A19103F-16F7-4668-BE54-9A1E7A4F7556}") = "BlazorServerApp", "BlazorServerApp\BlazorServerApp.csproj", "{23086DFF-8CA8-4247-BE35-30C1B3D58CEE}"
EndProject
Project("{2150E333-8FDC-42A3-9474-1A3956D46DE8}") = "Arduino", "Arduino", "{2DA4890F-31CA-4EB7-B3F6-DA8A7831ACF8}"
	ProjectSection(SolutionItems) = preProject
		Arduino\arduino_sensorsReadAndWriteToApi.ino = Arduino\arduino_sensorsReadAndWriteToApi.ino
	EndProjectSection
EndProject
Project("{9A19103F-16F7-4668-BE54-9A1E7A4F7556}") = "BenchmarkingTestApp", "Testing\TestConsoleApp\BenchmarkingTestApp.csproj", "{38AEC175-FBE1-4BB4-9B4A-7948A312C683}"
EndProject
Project("{9A19103F-16F7-4668-BE54-9A1E7A4F7556}") = "ApiTests", "Testing\ApiTests\ApiTests.csproj", "{28465AE0-2926-4620-B7BB-575ABE34F4B1}"
EndProject
Project("{2150E333-8FDC-42A3-9474-1A3956D46DE8}") = "Testing", "Testing", "{5CA85565-E14D-42B9-BBDE-2CB471C5EA30}"
EndProject
Global
	GlobalSection(SolutionConfigurationPlatforms) = preSolution
		Debug|Any CPU = Debug|Any CPU
		Release|Any CPU = Release|Any CPU
	EndGlobalSection
	GlobalSection(ProjectConfigurationPlatforms) = postSolution
		{59EC6799-F16C-4C0A-BC93-C996E03E16CC}.Debug|Any CPU.ActiveCfg = Debug|Any CPU
		{59EC6799-F16C-4C0A-BC93-C996E03E16CC}.Debug|Any CPU.Build.0 = Debug|Any CPU
		{59EC6799-F16C-4C0A-BC93-C996E03E16CC}.Release|Any CPU.ActiveCfg = Release|Any CPU
		{59EC6799-F16C-4C0A-BC93-C996E03E16CC}.Release|Any CPU.Build.0 = Release|Any CPU
		{8A264AF4-7C10-4273-8933-7ED27BB8CD84}.Debug|Any CPU.ActiveCfg = Debug|Any CPU
		{8A264AF4-7C10-4273-8933-7ED27BB8CD84}.Debug|Any CPU.Build.0 = Debug|Any CPU
		{8A264AF4-7C10-4273-8933-7ED27BB8CD84}.Release|Any CPU.ActiveCfg = Release|Any CPU
		{8A264AF4-7C10-4273-8933-7ED27BB8CD84}.Release|Any CPU.Build.0 = Release|Any CPU
		{23086DFF-8CA8-4247-BE35-30C1B3D58CEE}.Debug|Any CPU.ActiveCfg = Debug|Any CPU
		{23086DFF-8CA8-4247-BE35-30C1B3D58CEE}.Debug|Any CPU.Build.0 = Debug|Any CPU
		{23086DFF-8CA8-4247-BE35-30C1B3D58CEE}.Release|Any CPU.ActiveCfg = Release|Any CPU
		{23086DFF-8CA8-4247-BE35-30C1B3D58CEE}.Release|Any CPU.Build.0 = Release|Any CPU
		{38AEC175-FBE1-4BB4-9B4A-7948A312C683}.Debug|Any CPU.ActiveCfg = Debug|Any CPU
		{38AEC175-FBE1-4BB4-9B4A-7948A312C683}.Debug|Any CPU.Build.0 = Debug|Any CPU
		{38AEC175-FBE1-4BB4-9B4A-7948A312C683}.Release|Any CPU.ActiveCfg = Release|Any CPU
		{38AEC175-FBE1-4BB4-9B4A-7948A312C683}.Release|Any CPU.Build.0 = Release|Any CPU
		{28465AE0-2926-4620-B7BB-575ABE34F4B1}.Debug|Any CPU.ActiveCfg = Debug|Any CPU
		{28465AE0-2926-4620-B7BB-575ABE34F4B1}.Debug|Any CPU.Build.0 = Debug|Any CPU
		{28465AE0-2926-4620-B7BB-575ABE34F4B1}.Release|Any CPU.ActiveCfg = Release|Any CPU
		{28465AE0-2926-4620-B7BB-575ABE34F4B1}.Release|Any CPU.Build.0 = Release|Any CPU
	EndGlobalSection
	GlobalSection(SolutionProperties) = preSolution
		HideSolutionNode = FALSE
	EndGlobalSection
	GlobalSection(NestedProjects) = preSolution
		{38AEC175-FBE1-4BB4-9B4A-7948A312C683} = {5CA85565-E14D-42B9-BBDE-2CB471C5EA30}
		{28465AE0-2926-4620-B7BB-575ABE34F4B1} = {5CA85565-E14D-42B9-BBDE-2CB471C5EA30}
	EndGlobalSection
	GlobalSection(ExtensibilityGlobals) = postSolution
		SolutionGuid = {5741152C-871C-4E3F-A623-19CF6206563C}
	EndGlobalSection
EndGlobal
